Microsoft Visual Studio Solution File, Format Version 12.00
# Visual Studio Version 16
VisualStudioVersion = 16.0.29613.14
MinimumVisualStudioVersion = 10.0.40219.1
Project("{9A19103F-16F7-4668-BE54-9A1E7A4F7556}") = "exerciceclass", "exercice_1\exerciceclass.csproj", "{81FBBE26-39E9-47D5-A36C-511F8905F658}"
EndProject
Global
	GlobalSection(SolutionConfigurationPlatforms) = preSolution
		Debug|Any CPU = Debug|Any CPU
		Release|Any CPU = Release|Any CPU
	EndGlobalSection
	GlobalSection(ProjectConfigurationPlatforms) = postSolution
		{81FBBE26-39E9-47D5-A36C-511F8905F658}.Debug|Any CPU.ActiveCfg = Debug|Any CPU
		{81FBBE26-39E9-47D5-A36C-511F8905F658}.Debug|Any CPU.Build.0 = Debug|Any CPU
		{81FBBE26-39E9-47D5-A36C-511F8905F658}.Release|Any CPU.ActiveCfg = Release|Any CPU
		{81FBBE26-39E9-47D5-A36C-511F8905F658}.Release|Any CPU.Build.0 = Release|Any CPU
	EndGlobalSection
	GlobalSection(SolutionProperties) = preSolution
		HideSolutionNode = FALSE
	EndGlobalSection
	GlobalSection(ExtensibilityGlobals) = postSolution
		SolutionGuid = {A56A5F1E-5562-43B0-8CF7-B93E40A41B47}
	EndGlobalSection
EndGlobal
